<?xml version="1.0" encoding="utf-8"?>
<Project ToolsVersion="4.0" xmlns="http://schemas.microsoft.com/developer/msbuild/2003">
  <ItemGroup>
    <Filter Include="Header Files">
      <UniqueIdentifier>{93995380-89BD-4b04-88EB-625FBE52EBFB}</UniqueIdentifier>
      <Extensions>h;hh;hpp;hxx;hm;inl;inc;xsd</Extensions>
    </Filter>
    <Filter Include="include">
      <UniqueIdentifier>{cfeffa07-cf11-459a-9f96-f39efd0c9783}</UniqueIdentifier>
    </Filter>
  </ItemGroup>
  <ItemGroup>
    <ClInclude Include="..\Gears\Util\TimeHelper.hpp">
      <Filter>Header Files</Filter>
    </ClInclude>
    <ClInclude Include="..\Gears\Input\XboxController.hpp">
      <Filter>include</Filter>
    </ClInclude>
    <ClInclude Include="..\Gears\ScriptSettings.hpp">
      <Filter>include</Filter>
    </ClInclude>
    <ClInclude Include="..\Gears\Input\ScriptControls.hpp">
      <Filter>include</Filter>
    </ClInclude>
    <ClInclude Include="..\Gears\Util\Logger.hpp">
      <Filter>include</Filter>
    </ClInclude>
    <ClInclude Include="..\Gears\Input\keyboard.h">
      <Filter>include</Filter>
    </ClInclude>
    <ClInclude Include="..\Gears\Input\DiJoyStick.h">
      <Filter>include</Filter>
    </ClInclude>
    <ClInclude Include="..\Gears\Input\WheelDirectInput.hpp">
      <Filter>include</Filter>
    </ClInclude>
    <ClInclude Include="..\Gears\General.h">
      <Filter>Header Files</Filter>
    </ClInclude>
  </ItemGroup>
  <ItemGroup>
    <ClCompile Include="..\Gears\Input\XboxController.cpp">
      <Filter>include</Filter>
    </ClCompile>
    <ClCompile Include="..\Gears\ScriptSettings.cpp">
      <Filter>include</Filter>
    </ClCompile>
    <ClCompile Include="..\Gears\Input\ScriptControls.cpp">
      <Filter>include</Filter>
    </ClCompile>
    <ClCompile Include="..\Gears\Util\Logger.cpp">
      <Filter>include</Filter>
    </ClCompile>
    <ClCompile Include="..\Gears\Input\keyboard.cpp">
      <Filter>include</Filter>
    </ClCompile>
    <ClCompile Include="..\Gears\Util\TimeHelper.cpp">
      <Filter>include</Filter>
    </ClCompile>
    <ClCompile Include="..\Gears\Input\WheelDirectInput.cpp">
      <Filter>include</Filter>
    </ClCompile>
    <ClCompile Include="graveyard.cpp" />
    <ClCompile Include="DIUtil.cpp" />
    <ClCompile Include="..\Gears\General.cpp" />
  </ItemGroup>
</Project>