<?xml version="1.0" encoding="utf-8"?>
<Project ToolsVersion="4.0" xmlns="http://schemas.microsoft.com/developer/msbuild/2003">
  <ItemGroup>
    <ClCompile Include="script.cpp" />
    <ClCompile Include="main.cpp" />
    <ClCompile Include="ScriptSettings.cpp" />
    <ClCompile Include="VehicleData.cpp" />
    <ClCompile Include="Input\keyboard.cpp">
      <Filter>Input</Filter>
    </ClCompile>
    <ClCompile Include="Input\WheelDirectInput.cpp">
      <Filter>Input</Filter>
    </ClCompile>
    <ClCompile Include="Memory\MemoryPatcher.cpp">
      <Filter>Memory</Filter>
    </ClCompile>
    <ClCompile Include="Memory\NativeMemory.cpp">
      <Filter>Memory</Filter>
    </ClCompile>
    <ClCompile Include="Memory\VehicleExtensions.cpp">
      <Filter>Memory</Filter>
    </ClCompile>
    <ClCompile Include="Util\Logger.cpp">
      <Filter>Util</Filter>
    </ClCompile>
    <ClCompile Include="Util\TimeHelper.cpp">
      <Filter>Util</Filter>
    </ClCompile>
    <ClCompile Include="Util\Util.cpp">
      <Filter>Util</Filter>
    </ClCompile>
    <ClCompile Include="..\thirdparty\GTAVMenuBase\menu.cpp">
      <Filter>Menu</Filter>
    </ClCompile>
    <ClCompile Include="..\thirdparty\GTAVMenuBase\menucontrols.cpp">
      <Filter>Menu</Filter>
    </ClCompile>
    <ClCompile Include="..\thirdparty\GTAVMenuBase\menukeyboard.cpp">
      <Filter>Menu</Filter>
    </ClCompile>
    <ClCompile Include="ScriptMenu.cpp" />
    <ClCompile Include="..\thirdparty\GTAVMenuBase\menuutils.cpp">
      <Filter>Menu</Filter>
    </ClCompile>
    <ClCompile Include="..\thirdparty\GTAVMenuBase\menusettings.cpp">
      <Filter>Menu</Filter>
    </ClCompile>
    <ClCompile Include="Util\Paths.cpp">
      <Filter>Util</Filter>
    </ClCompile>
    <ClCompile Include="..\thirdparty\MiniPID\MiniPID.cpp">
      <Filter>Thirdparty</Filter>
    </ClCompile>
    <ClCompile Include="ScriptHUD.cpp" />
    <ClCompile Include="ScriptNPC.cpp" />
    <ClCompile Include="Input\DIDeviceFactory.cpp">
      <Filter>Input</Filter>
    </ClCompile>
    <ClCompile Include="Input\CarControls.cpp">
      <Filter>Input</Filter>
    </ClCompile>
    <ClCompile Include="Input\XInputController.cpp">
      <Filter>Input</Filter>
    </ClCompile>
    <ClCompile Include="Input\NativeController.cpp">
      <Filter>Input</Filter>
    </ClCompile>
    <ClCompile Include="Util\UIUtils.cpp">
      <Filter>Util</Filter>
    </ClCompile>
    <ClCompile Include="Util\Files.cpp">
      <Filter>Util</Filter>
    </ClCompile>
    <ClCompile Include="Util\GameSound.cpp">
      <Filter>Util</Filter>
    </ClCompile>
    <ClCompile Include="UpdateChecker.cpp">
      <Filter>Util</Filter>
    </ClCompile>
    <ClCompile Include="ManualTransmission.cpp">
      <Filter>API</Filter>
    </ClCompile>
    <ClCompile Include="Compatibility.cpp">
      <Filter>API</Filter>
    </ClCompile>
    <ClCompile Include="..\thirdparty\fmt\src\posix.cc">
      <Filter>Thirdparty\fmt</Filter>
    </ClCompile>
    <ClCompile Include="..\thirdparty\fmt\src\format.cc">
      <Filter>Thirdparty\fmt</Filter>
    </ClCompile>
    <ClCompile Include="Util\FileVersion.cpp">
      <Filter>Util</Filter>
    </ClCompile>
    <ClCompile Include="..\thirdparty\GTAVMenuBase\menumemutils.cpp">
      <Filter>Menu</Filter>
    </ClCompile>
    <ClCompile Include="CustomSteering.cpp" />
    <ClCompile Include="WheelInput.cpp" />
    <ClCompile Include="ScriptUtils.cpp" />
    <ClCompile Include="VehicleConfig.cpp" />
    <ClCompile Include="Input\USBNotify.cpp">
      <Filter>Input</Filter>
    </ClCompile>
    <ClCompile Include="Memory\NativeVectors.cpp">
      <Filter>Memory</Filter>
    </ClCompile>
    <ClCompile Include="Memory\VehicleBone.cpp">
      <Filter>Memory</Filter>
    </ClCompile>
    <ClCompile Include="Memory\NativeMatrix.cpp">
      <Filter>Memory</Filter>
    </ClCompile>
    <ClCompile Include="Util\Timer.cpp">
      <Filter>Util</Filter>
    </ClCompile>
    <ClCompile Include="UDPTelemetry\UDPTelemetry.cpp">
      <Filter>UDPTelemetry</Filter>
    </ClCompile>
    <ClCompile Include="SteeringAnim.cpp" />
    <ClCompile Include="..\thirdparty\yaml-cpp\src\binary.cpp">
      <Filter>Thirdparty\yaml</Filter>
    </ClCompile>
    <ClCompile Include="..\thirdparty\yaml-cpp\src\convert.cpp">
      <Filter>Thirdparty\yaml</Filter>
    </ClCompile>
    <ClCompile Include="..\thirdparty\yaml-cpp\src\depthguard.cpp">
      <Filter>Thirdparty\yaml</Filter>
    </ClCompile>
    <ClCompile Include="..\thirdparty\yaml-cpp\src\directives.cpp">
      <Filter>Thirdparty\yaml</Filter>
    </ClCompile>
    <ClCompile Include="..\thirdparty\yaml-cpp\src\emit.cpp">
      <Filter>Thirdparty\yaml</Filter>
    </ClCompile>
    <ClCompile Include="..\thirdparty\yaml-cpp\src\emitfromevents.cpp">
      <Filter>Thirdparty\yaml</Filter>
    </ClCompile>
    <ClCompile Include="..\thirdparty\yaml-cpp\src\emitter.cpp">
      <Filter>Thirdparty\yaml</Filter>
    </ClCompile>
    <ClCompile Include="..\thirdparty\yaml-cpp\src\emitterstate.cpp">
      <Filter>Thirdparty\yaml</Filter>
    </ClCompile>
    <ClCompile Include="..\thirdparty\yaml-cpp\src\emitterutils.cpp">
      <Filter>Thirdparty\yaml</Filter>
    </ClCompile>
    <ClCompile Include="..\thirdparty\yaml-cpp\src\exceptions.cpp">
      <Filter>Thirdparty\yaml</Filter>
    </ClCompile>
    <ClCompile Include="..\thirdparty\yaml-cpp\src\exp.cpp">
      <Filter>Thirdparty\yaml</Filter>
    </ClCompile>
    <ClCompile Include="..\thirdparty\yaml-cpp\src\memory.cpp">
      <Filter>Thirdparty\yaml</Filter>
    </ClCompile>
    <ClCompile Include="..\thirdparty\yaml-cpp\src\node.cpp">
      <Filter>Thirdparty\yaml</Filter>
    </ClCompile>
    <ClCompile Include="..\thirdparty\yaml-cpp\src\node_data.cpp">
      <Filter>Thirdparty\yaml</Filter>
    </ClCompile>
    <ClCompile Include="..\thirdparty\yaml-cpp\src\nodebuilder.cpp">
      <Filter>Thirdparty\yaml</Filter>
    </ClCompile>
    <ClCompile Include="..\thirdparty\yaml-cpp\src\nodeevents.cpp">
      <Filter>Thirdparty\yaml</Filter>
    </ClCompile>
    <ClCompile Include="..\thirdparty\yaml-cpp\src\null.cpp">
      <Filter>Thirdparty\yaml</Filter>
    </ClCompile>
    <ClCompile Include="..\thirdparty\yaml-cpp\src\ostream_wrapper.cpp">
      <Filter>Thirdparty\yaml</Filter>
    </ClCompile>
    <ClCompile Include="..\thirdparty\yaml-cpp\src\parse.cpp">
      <Filter>Thirdparty\yaml</Filter>
    </ClCompile>
    <ClCompile Include="..\thirdparty\yaml-cpp\src\parser.cpp">
      <Filter>Thirdparty\yaml</Filter>
    </ClCompile>
    <ClCompile Include="..\thirdparty\yaml-cpp\src\regex_yaml.cpp">
      <Filter>Thirdparty\yaml</Filter>
    </ClCompile>
    <ClCompile Include="..\thirdparty\yaml-cpp\src\scanner.cpp">
      <Filter>Thirdparty\yaml</Filter>
    </ClCompile>
    <ClCompile Include="..\thirdparty\yaml-cpp\src\scanscalar.cpp">
      <Filter>Thirdparty\yaml</Filter>
    </ClCompile>
    <ClCompile Include="..\thirdparty\yaml-cpp\src\scantag.cpp">
      <Filter>Thirdparty\yaml</Filter>
    </ClCompile>
    <ClCompile Include="..\thirdparty\yaml-cpp\src\scantoken.cpp">
      <Filter>Thirdparty\yaml</Filter>
    </ClCompile>
    <ClCompile Include="..\thirdparty\yaml-cpp\src\simplekey.cpp">
      <Filter>Thirdparty\yaml</Filter>
    </ClCompile>
    <ClCompile Include="..\thirdparty\yaml-cpp\src\singledocparser.cpp">
      <Filter>Thirdparty\yaml</Filter>
    </ClCompile>
    <ClCompile Include="..\thirdparty\yaml-cpp\src\stream.cpp">
      <Filter>Thirdparty\yaml</Filter>
    </ClCompile>
    <ClCompile Include="..\thirdparty\yaml-cpp\src\tag.cpp">
      <Filter>Thirdparty\yaml</Filter>
    </ClCompile>
    <ClCompile Include="..\thirdparty\yaml-cpp\src\contrib\graphbuilder.cpp">
      <Filter>Thirdparty\yaml</Filter>
    </ClCompile>
    <ClCompile Include="..\thirdparty\yaml-cpp\src\contrib\graphbuilderadapter.cpp">
      <Filter>Thirdparty\yaml</Filter>
    </ClCompile>
    <ClCompile Include="AtcuLogic.cpp" />
    <ClCompile Include="AtcuGearbox.cpp" />
    <ClCompile Include="Util\Color.cpp">
      <Filter>Util</Filter>
    </ClCompile>
    <ClCompile Include="Camera.cpp" />
    <ClCompile Include="Misc.cpp" />
    <ClCompile Include="Input\NativeInput.cpp">
      <Filter>Input</Filter>
    </ClCompile>
    <ClCompile Include="StartingAnimation.cpp" />
  </ItemGroup>
  <ItemGroup>
    <ClInclude Include="script.h" />
    <ClInclude Include="..\thirdparty\ScriptHookV_SDK\inc\main.h">
      <Filter>include</Filter>
    </ClInclude>
    <ClInclude Include="..\thirdparty\ScriptHookV_SDK\inc\enums.h">
      <Filter>include</Filter>
    </ClInclude>
    <ClInclude Include="..\thirdparty\ScriptHookV_SDK\inc\natives.h">
      <Filter>include</Filter>
    </ClInclude>
    <ClInclude Include="..\thirdparty\ScriptHookV_SDK\inc\types.h">
      <Filter>include</Filter>
    </ClInclude>
    <ClInclude Include="ScriptSettings.hpp" />
    <ClInclude Include="VehicleData.hpp" />
    <ClInclude Include="Input\keyboard.h">
      <Filter>Input</Filter>
    </ClInclude>
    <ClInclude Include="Input\WheelDirectInput.hpp">
      <Filter>Input</Filter>
    </ClInclude>
    <ClInclude Include="Memory\MemoryPatcher.hpp">
      <Filter>Memory</Filter>
    </ClInclude>
    <ClInclude Include="Memory\NativeMemory.hpp">
      <Filter>Memory</Filter>
    </ClInclude>
    <ClInclude Include="Memory\VehicleExtensions.hpp">
      <Filter>Memory</Filter>
    </ClInclude>
    <ClInclude Include="Util\Util.hpp">
      <Filter>Util</Filter>
    </ClInclude>
    <ClInclude Include="Util\Logger.hpp">
      <Filter>Util</Filter>
    </ClInclude>
    <ClInclude Include="Util\TimeHelper.hpp">
      <Filter>Util</Filter>
    </ClInclude>
    <ClInclude Include="..\thirdparty\GTAVMenuBase\menu.h">
      <Filter>Menu</Filter>
    </ClInclude>
    <ClInclude Include="..\thirdparty\GTAVMenuBase\menucontrols.h">
      <Filter>Menu</Filter>
    </ClInclude>
    <ClInclude Include="..\thirdparty\GTAVMenuBase\menukeyboard.h">
      <Filter>Menu</Filter>
    </ClInclude>
    <ClInclude Include="..\thirdparty\simpleini\SimpleIni.h">
      <Filter>Thirdparty</Filter>
    </ClInclude>
    <ClInclude Include="..\thirdparty\GTAVMenuBase\menuutils.h">
      <Filter>Menu</Filter>
    </ClInclude>
    <ClInclude Include="..\thirdparty\GTAVMenuBase\menusettings.h">
      <Filter>Menu</Filter>
    </ClInclude>
    <ClInclude Include="Memory\Offsets.hpp">
      <Filter>Memory</Filter>
    </ClInclude>
    <ClInclude Include="Util\Paths.h">
      <Filter>Util</Filter>
    </ClInclude>
    <ClInclude Include="Util\MathExt.h">
      <Filter>Util</Filter>
    </ClInclude>
    <ClInclude Include="Memory\Versions.h">
      <Filter>Memory</Filter>
    </ClInclude>
    <ClInclude Include="..\thirdparty\MiniPID\MiniPID.h">
      <Filter>Thirdparty</Filter>
    </ClInclude>
    <ClInclude Include="newNatives.h" />
    <ClInclude Include="Input\DIDeviceFactory.h">
      <Filter>Input</Filter>
    </ClInclude>
    <ClInclude Include="Input\CarControls.hpp">
      <Filter>Input</Filter>
    </ClInclude>
    <ClInclude Include="Input\XInputController.hpp">
      <Filter>Input</Filter>
    </ClInclude>
    <ClInclude Include="Input\NativeController.h">
      <Filter>Input</Filter>
    </ClInclude>
    <ClInclude Include="Memory\VehicleFlags.h">
      <Filter>Memory</Filter>
    </ClInclude>
    <ClInclude Include="Constants.h" />
    <ClInclude Include="Util\UIUtils.h">
      <Filter>Util</Filter>
    </ClInclude>
    <ClInclude Include="Util\Color.h">
      <Filter>Util</Filter>
    </ClInclude>
    <ClInclude Include="Util\Files.h">
      <Filter>Util</Filter>
    </ClInclude>
    <ClInclude Include="Util\GameSound.h">
      <Filter>Util</Filter>
    </ClInclude>
    <ClInclude Include="Util\MiscEnums.h">
      <Filter>Util</Filter>
    </ClInclude>
    <ClInclude Include="Memory\PatternInfo.h">
      <Filter>Memory\Patching</Filter>
    </ClInclude>
    <ClInclude Include="Memory\Patcher.h">
      <Filter>Memory\Patching</Filter>
    </ClInclude>
    <ClInclude Include="UpdateChecker.h">
      <Filter>Util</Filter>
    </ClInclude>
    <ClInclude Include="..\thirdparty\curl\curl.h">
      <Filter>Thirdparty\curl</Filter>
    </ClInclude>
    <ClInclude Include="..\thirdparty\curl\curlver.h">
      <Filter>Thirdparty\curl</Filter>
    </ClInclude>
    <ClInclude Include="..\thirdparty\curl\easy.h">
      <Filter>Thirdparty\curl</Filter>
    </ClInclude>
    <ClInclude Include="..\thirdparty\curl\mprintf.h">
      <Filter>Thirdparty\curl</Filter>
    </ClInclude>
    <ClInclude Include="..\thirdparty\curl\multi.h">
      <Filter>Thirdparty\curl</Filter>
    </ClInclude>
    <ClInclude Include="..\thirdparty\curl\stdcheaders.h">
      <Filter>Thirdparty\curl</Filter>
    </ClInclude>
    <ClInclude Include="..\thirdparty\curl\system.h">
      <Filter>Thirdparty\curl</Filter>
    </ClInclude>
    <ClInclude Include="..\thirdparty\curl\typecheck-gcc.h">
      <Filter>Thirdparty\curl</Filter>
    </ClInclude>
    <ClInclude Include="..\thirdparty\curl\urlapi.h">
      <Filter>Thirdparty\curl</Filter>
    </ClInclude>
    <ClInclude Include="ManualTransmission.h">
      <Filter>API</Filter>
    </ClInclude>
    <ClInclude Include="Compatibility.h">
      <Filter>API</Filter>
    </ClInclude>
    <ClInclude Include="Util\FileVersion.h">
      <Filter>Util</Filter>
    </ClInclude>
    <ClInclude Include="..\thirdparty\GTAVMenuBase\menumemutils.hpp">
      <Filter>Menu</Filter>
    </ClInclude>
    <ClInclude Include="CustomSteering.h" />
    <ClInclude Include="WheelInput.h" />
    <ClInclude Include="ScriptUtils.h" />
    <ClInclude Include="VehicleConfig.h" />
    <ClInclude Include="Input\USBNotify.h">
      <Filter>Input</Filter>
    </ClInclude>
    <ClInclude Include="Memory\VehicleBone.h">
      <Filter>Memory</Filter>
    </ClInclude>
    <ClInclude Include="Memory\NativeVectors.h">
      <Filter>Memory</Filter>
    </ClInclude>
    <ClInclude Include="Memory\NativeMatrix.h">
      <Filter>Memory</Filter>
    </ClInclude>
    <ClInclude Include="Util\ValueTimer.h">
      <Filter>Util</Filter>
    </ClInclude>
    <ClInclude Include="Util\Timer.h">
      <Filter>Util</Filter>
    </ClInclude>
    <ClInclude Include="..\thirdparty\GTAVDashHook\DashHook\DashHook.h">
      <Filter>DashHook</Filter>
    </ClInclude>
    <ClInclude Include="UDPTelemetry\TelemetryPacket.h">
      <Filter>UDPTelemetry</Filter>
    </ClInclude>
    <ClInclude Include="UDPTelemetry\Socket.h">
      <Filter>UDPTelemetry</Filter>
    </ClInclude>
    <ClInclude Include="UDPTelemetry\UDPTelemetry.h">
      <Filter>UDPTelemetry</Filter>
    </ClInclude>
    <ClInclude Include="SteeringAnim.h" />
    <ClInclude Include="..\thirdparty\yaml-cpp\src\collectionstack.h">
      <Filter>Thirdparty\yaml</Filter>
    </ClInclude>
    <ClInclude Include="..\thirdparty\yaml-cpp\src\directives.h">
      <Filter>Thirdparty\yaml</Filter>
    </ClInclude>
    <ClInclude Include="..\thirdparty\yaml-cpp\src\emitterstate.h">
      <Filter>Thirdparty\yaml</Filter>
    </ClInclude>
    <ClInclude Include="..\thirdparty\yaml-cpp\src\emitterutils.h">
      <Filter>Thirdparty\yaml</Filter>
    </ClInclude>
    <ClInclude Include="..\thirdparty\yaml-cpp\src\exp.h">
      <Filter>Thirdparty\yaml</Filter>
    </ClInclude>
    <ClInclude Include="..\thirdparty\yaml-cpp\src\indentation.h">
      <Filter>Thirdparty\yaml</Filter>
    </ClInclude>
    <ClInclude Include="..\thirdparty\yaml-cpp\src\nodebuilder.h">
      <Filter>Thirdparty\yaml</Filter>
    </ClInclude>
    <ClInclude Include="..\thirdparty\yaml-cpp\src\nodeevents.h">
      <Filter>Thirdparty\yaml</Filter>
    </ClInclude>
    <ClInclude Include="..\thirdparty\yaml-cpp\src\ptr_vector.h">
      <Filter>Thirdparty\yaml</Filter>
    </ClInclude>
    <ClInclude Include="..\thirdparty\yaml-cpp\src\regex_yaml.h">
      <Filter>Thirdparty\yaml</Filter>
    </ClInclude>
    <ClInclude Include="..\thirdparty\yaml-cpp\src\regeximpl.h">
      <Filter>Thirdparty\yaml</Filter>
    </ClInclude>
    <ClInclude Include="..\thirdparty\yaml-cpp\src\scanner.h">
      <Filter>Thirdparty\yaml</Filter>
    </ClInclude>
    <ClInclude Include="..\thirdparty\yaml-cpp\src\scanscalar.h">
      <Filter>Thirdparty\yaml</Filter>
    </ClInclude>
    <ClInclude Include="..\thirdparty\yaml-cpp\src\scantag.h">
      <Filter>Thirdparty\yaml</Filter>
    </ClInclude>
    <ClInclude Include="..\thirdparty\yaml-cpp\src\setting.h">
      <Filter>Thirdparty\yaml</Filter>
    </ClInclude>
    <ClInclude Include="..\thirdparty\yaml-cpp\src\singledocparser.h">
      <Filter>Thirdparty\yaml</Filter>
    </ClInclude>
    <ClInclude Include="..\thirdparty\yaml-cpp\src\stream.h">
      <Filter>Thirdparty\yaml</Filter>
    </ClInclude>
    <ClInclude Include="..\thirdparty\yaml-cpp\src\streamcharsource.h">
      <Filter>Thirdparty\yaml</Filter>
    </ClInclude>
    <ClInclude Include="..\thirdparty\yaml-cpp\src\stringsource.h">
      <Filter>Thirdparty\yaml</Filter>
    </ClInclude>
    <ClInclude Include="..\thirdparty\yaml-cpp\src\tag.h">
      <Filter>Thirdparty\yaml</Filter>
    </ClInclude>
    <ClInclude Include="..\thirdparty\yaml-cpp\src\token.h">
      <Filter>Thirdparty\yaml</Filter>
    </ClInclude>
    <ClInclude Include="..\thirdparty\yaml-cpp\src\contrib\graphbuilderadapter.h">
      <Filter>Thirdparty\yaml</Filter>
    </ClInclude>
    <ClInclude Include="AtcuLogic.h" />
    <ClInclude Include="AtcuGearbox.h" />
    <ClInclude Include="Camera.h" />
    <ClInclude Include="Misc.h" />
    <ClInclude Include="Input\NativeInput.h">
      <Filter>Input</Filter>
    </ClInclude>
    <ClInclude Include="StartingAnimation.h" />
  </ItemGroup>
  <ItemGroup>
    <Filter Include="include">
      <UniqueIdentifier>{01012e73-37b7-4874-b66a-9390e9a83264}</UniqueIdentifier>
    </Filter>
    <Filter Include="Memory">
      <UniqueIdentifier>{09af856a-dd6f-4abb-aa1d-57e413924122}</UniqueIdentifier>
    </Filter>
    <Filter Include="Util">
      <UniqueIdentifier>{6656e964-569c-448b-ac00-d586f48acb8a}</UniqueIdentifier>
    </Filter>
    <Filter Include="Input">
      <UniqueIdentifier>{b0a5ce99-5818-4a5c-8c45-00ae3b8148c4}</UniqueIdentifier>
    </Filter>
    <Filter Include="Menu">
      <UniqueIdentifier>{d318979d-d544-4b16-9e26-6bec9234be3e}</UniqueIdentifier>
    </Filter>
    <Filter Include="Thirdparty">
      <UniqueIdentifier>{d0a967a3-e709-4563-beec-8bb1bc9d1711}</UniqueIdentifier>
    </Filter>
    <Filter Include="Memory\Patching">
      <UniqueIdentifier>{a0e6c9f3-7e78-430a-abb7-39e38e87d266}</UniqueIdentifier>
    </Filter>
    <Filter Include="Thirdparty\curl">
      <UniqueIdentifier>{86991d65-e172-479c-8c09-1e4747551205}</UniqueIdentifier>
    </Filter>
    <Filter Include="API">
      <UniqueIdentifier>{05abafde-5223-4634-93cd-877f6570d6a7}</UniqueIdentifier>
    </Filter>
    <Filter Include="Thirdparty\fmt">
      <UniqueIdentifier>{ed736439-0f02-423b-8962-64053e0896cd}</UniqueIdentifier>
    </Filter>
    <Filter Include="DashHook">
      <UniqueIdentifier>{3bca7d29-ffa2-4bd2-9d7c-d6a61e15c7d9}</UniqueIdentifier>
    </Filter>
    <Filter Include="UDPTelemetry">
      <UniqueIdentifier>{84c60810-1f1b-46a9-a810-08f9629ad9a6}</UniqueIdentifier>
    </Filter>
    <Filter Include="Thirdparty\yaml">
      <UniqueIdentifier>{e0f6edc3-ef31-40c5-9dc2-78a926d1ce40}</UniqueIdentifier>
    </Filter>
  </ItemGroup>
  <ItemGroup>
    <Library Include="..\thirdparty\curl\libcurl.lib">
      <Filter>Thirdparty\curl</Filter>
    </Library>
  </ItemGroup>
</Project>