<?xml version="1.0" encoding="utf-8"?>
<Project ToolsVersion="4.0" xmlns="http://schemas.microsoft.com/developer/msbuild/2003">
  <ItemGroup>
    <ClCompile Include="script.cpp" />
    <ClCompile Include="main.cpp" />
    <ClCompile Include="ScriptSettings.cpp" />
    <ClCompile Include="VehicleData.cpp" />
    <ClCompile Include="Input\keyboard.cpp">
      <Filter>Input</Filter>
    </ClCompile>
    <ClCompile Include="Input\WheelDirectInput.cpp">
      <Filter>Input</Filter>
    </ClCompile>
    <ClCompile Include="Memory\MemoryPatcher.cpp">
      <Filter>Memory</Filter>
    </ClCompile>
    <ClCompile Include="Memory\NativeMemory.cpp">
      <Filter>Memory</Filter>
    </ClCompile>
    <ClCompile Include="Memory\VehicleExtensions.cpp">
      <Filter>Memory</Filter>
    </ClCompile>
    <ClCompile Include="Util\Logger.cpp">
      <Filter>Util</Filter>
    </ClCompile>
    <ClCompile Include="Util\TimeHelper.cpp">
      <Filter>Util</Filter>
    </ClCompile>
    <ClCompile Include="Util\Util.cpp">
      <Filter>Util</Filter>
    </ClCompile>
    <ClCompile Include="..\..\GTAVMenuBase\menu.cpp">
      <Filter>Menu</Filter>
    </ClCompile>
    <ClCompile Include="..\..\GTAVMenuBase\menucontrols.cpp">
      <Filter>Menu</Filter>
    </ClCompile>
    <ClCompile Include="..\..\GTAVMenuBase\menukeyboard.cpp">
      <Filter>Menu</Filter>
    </ClCompile>
    <ClCompile Include="ScriptMenu.cpp" />
    <ClCompile Include="..\..\GTAVMenuBase\menuutils.cpp">
      <Filter>Menu</Filter>
    </ClCompile>
    <ClCompile Include="..\..\GTAVMenuBase\menusettings.cpp">
      <Filter>Menu</Filter>
    </ClCompile>
    <ClCompile Include="Util\Paths.cpp">
      <Filter>Util</Filter>
    </ClCompile>
    <ClCompile Include="Util\MathExt.cpp">
      <Filter>Util</Filter>
    </ClCompile>
    <ClCompile Include="ShiftModes.cpp" />
    <ClCompile Include="..\thirdparty\MiniPID\MiniPID.cpp">
      <Filter>Thirdparty</Filter>
    </ClCompile>
    <ClCompile Include="ScriptHUD.cpp" />
    <ClCompile Include="ScriptNPC.cpp" />
    <ClCompile Include="Input\DIDeviceFactory.cpp">
      <Filter>Input</Filter>
    </ClCompile>
    <ClCompile Include="Input\CarControls.cpp">
      <Filter>Input</Filter>
    </ClCompile>
    <ClCompile Include="Input\XInputController.cpp">
      <Filter>Input</Filter>
    </ClCompile>
    <ClCompile Include="Input\NativeController.cpp">
      <Filter>Input</Filter>
    </ClCompile>
    <ClCompile Include="Util\UIUtils.cpp">
      <Filter>Util</Filter>
    </ClCompile>
    <ClCompile Include="Util\Files.cpp">
      <Filter>Util</Filter>
    </ClCompile>
    <ClCompile Include="Util\GameSound.cpp">
      <Filter>Util</Filter>
    </ClCompile>
    <ClCompile Include="UpdateChecker.cpp">
      <Filter>Util</Filter>
    </ClCompile>
    <ClCompile Include="ManualTransmission.cpp">
      <Filter>API</Filter>
    </ClCompile>
    <ClCompile Include="Compatibility.cpp">
      <Filter>API</Filter>
    </ClCompile>
    <ClCompile Include="..\thirdparty\fmt\src\posix.cc">
      <Filter>Thirdparty\fmt</Filter>
    </ClCompile>
    <ClCompile Include="..\thirdparty\fmt\src\format.cc">
      <Filter>Thirdparty\fmt</Filter>
    </ClCompile>
    <ClCompile Include="Util\FileVersion.cpp">
      <Filter>Util</Filter>
    </ClCompile>
    <ClCompile Include="..\..\GTAVMenuBase\menumemutils.cpp">
      <Filter>Menu</Filter>
    </ClCompile>
  </ItemGroup>
  <ItemGroup>
    <ClInclude Include="script.h" />
    <ClInclude Include="..\..\ScriptHookV_SDK\inc\main.h">
      <Filter>include</Filter>
    </ClInclude>
    <ClInclude Include="..\..\ScriptHookV_SDK\inc\enums.h">
      <Filter>include</Filter>
    </ClInclude>
    <ClInclude Include="..\..\ScriptHookV_SDK\inc\natives.h">
      <Filter>include</Filter>
    </ClInclude>
    <ClInclude Include="..\..\ScriptHookV_SDK\inc\types.h">
      <Filter>include</Filter>
    </ClInclude>
    <ClInclude Include="ScriptSettings.hpp" />
    <ClInclude Include="VehicleData.hpp" />
    <ClInclude Include="Input\keyboard.h">
      <Filter>Input</Filter>
    </ClInclude>
    <ClInclude Include="Input\WheelDirectInput.hpp">
      <Filter>Input</Filter>
    </ClInclude>
    <ClInclude Include="Memory\MemoryPatcher.hpp">
      <Filter>Memory</Filter>
    </ClInclude>
    <ClInclude Include="Memory\NativeMemory.hpp">
      <Filter>Memory</Filter>
    </ClInclude>
    <ClInclude Include="Memory\VehicleExtensions.hpp">
      <Filter>Memory</Filter>
    </ClInclude>
    <ClInclude Include="Util\Util.hpp">
      <Filter>Util</Filter>
    </ClInclude>
    <ClInclude Include="Util\Logger.hpp">
      <Filter>Util</Filter>
    </ClInclude>
    <ClInclude Include="Util\TimeHelper.hpp">
      <Filter>Util</Filter>
    </ClInclude>
    <ClInclude Include="..\..\GTAVMenuBase\menu.h">
      <Filter>Menu</Filter>
    </ClInclude>
    <ClInclude Include="..\..\GTAVMenuBase\menucontrols.h">
      <Filter>Menu</Filter>
    </ClInclude>
    <ClInclude Include="..\..\GTAVMenuBase\menukeyboard.h">
      <Filter>Menu</Filter>
    </ClInclude>
    <ClInclude Include="..\thirdparty\simpleini\SimpleIni.h">
      <Filter>Thirdparty</Filter>
    </ClInclude>
    <ClInclude Include="..\..\GTAVMenuBase\menuutils.h">
      <Filter>Menu</Filter>
    </ClInclude>
    <ClInclude Include="..\..\GTAVMenuBase\menusettings.h">
      <Filter>Menu</Filter>
    </ClInclude>
    <ClInclude Include="Memory\Offsets.hpp">
      <Filter>Memory</Filter>
    </ClInclude>
    <ClInclude Include="Util\Paths.h">
      <Filter>Util</Filter>
    </ClInclude>
    <ClInclude Include="Util\MathExt.h">
      <Filter>Util</Filter>
    </ClInclude>
    <ClInclude Include="ShiftModes.h" />
    <ClInclude Include="Memory\Versions.h">
      <Filter>Memory</Filter>
    </ClInclude>
    <ClInclude Include="..\thirdparty\MiniPID\MiniPID.h">
      <Filter>Thirdparty</Filter>
    </ClInclude>
    <ClInclude Include="newNatives.h" />
    <ClInclude Include="Input\DIDeviceFactory.h">
      <Filter>Input</Filter>
    </ClInclude>
    <ClInclude Include="Input\CarControls.hpp">
      <Filter>Input</Filter>
    </ClInclude>
    <ClInclude Include="Input\XInputController.hpp">
      <Filter>Input</Filter>
    </ClInclude>
    <ClInclude Include="Input\NativeController.h">
      <Filter>Input</Filter>
    </ClInclude>
    <ClInclude Include="Memory\VehicleFlags.h">
      <Filter>Memory</Filter>
    </ClInclude>
    <ClInclude Include="Constants.h" />
    <ClInclude Include="Util\UIUtils.h">
      <Filter>Util</Filter>
    </ClInclude>
    <ClInclude Include="Util\Color.h">
      <Filter>Util</Filter>
    </ClInclude>
    <ClInclude Include="Util\Files.h">
      <Filter>Util</Filter>
    </ClInclude>
    <ClInclude Include="Util\GameSound.h">
      <Filter>Util</Filter>
    </ClInclude>
    <ClInclude Include="Util\MiscEnums.h">
      <Filter>Util</Filter>
    </ClInclude>
    <ClInclude Include="Memory\PatternInfo.h">
      <Filter>Memory\Patching</Filter>
    </ClInclude>
    <ClInclude Include="Memory\Patcher.h">
      <Filter>Memory\Patching</Filter>
    </ClInclude>
    <ClInclude Include="UpdateChecker.h">
      <Filter>Util</Filter>
    </ClInclude>
    <ClInclude Include="..\thirdparty\curl\curl.h">
      <Filter>Thirdparty\curl</Filter>
    </ClInclude>
    <ClInclude Include="..\thirdparty\curl\curlver.h">
      <Filter>Thirdparty\curl</Filter>
    </ClInclude>
    <ClInclude Include="..\thirdparty\curl\easy.h">
      <Filter>Thirdparty\curl</Filter>
    </ClInclude>
    <ClInclude Include="..\thirdparty\curl\mprintf.h">
      <Filter>Thirdparty\curl</Filter>
    </ClInclude>
    <ClInclude Include="..\thirdparty\curl\multi.h">
      <Filter>Thirdparty\curl</Filter>
    </ClInclude>
    <ClInclude Include="..\thirdparty\curl\stdcheaders.h">
      <Filter>Thirdparty\curl</Filter>
    </ClInclude>
    <ClInclude Include="..\thirdparty\curl\system.h">
      <Filter>Thirdparty\curl</Filter>
    </ClInclude>
    <ClInclude Include="..\thirdparty\curl\typecheck-gcc.h">
      <Filter>Thirdparty\curl</Filter>
    </ClInclude>
    <ClInclude Include="..\thirdparty\curl\urlapi.h">
      <Filter>Thirdparty\curl</Filter>
    </ClInclude>
    <ClInclude Include="ManualTransmission.h">
      <Filter>API</Filter>
    </ClInclude>
    <ClInclude Include="Compatibility.h">
      <Filter>API</Filter>
    </ClInclude>
    <ClInclude Include="Util\FileVersion.h">
      <Filter>Util</Filter>
    </ClInclude>
    <ClInclude Include="..\..\GTAVMenuBase\menumemutils.hpp">
      <Filter>Menu</Filter>
    </ClInclude>
  </ItemGroup>
  <ItemGroup>
    <Filter Include="include">
      <UniqueIdentifier>{01012e73-37b7-4874-b66a-9390e9a83264}</UniqueIdentifier>
    </Filter>
    <Filter Include="Memory">
      <UniqueIdentifier>{09af856a-dd6f-4abb-aa1d-57e413924122}</UniqueIdentifier>
    </Filter>
    <Filter Include="Util">
      <UniqueIdentifier>{6656e964-569c-448b-ac00-d586f48acb8a}</UniqueIdentifier>
    </Filter>
    <Filter Include="Input">
      <UniqueIdentifier>{b0a5ce99-5818-4a5c-8c45-00ae3b8148c4}</UniqueIdentifier>
    </Filter>
    <Filter Include="Menu">
      <UniqueIdentifier>{d318979d-d544-4b16-9e26-6bec9234be3e}</UniqueIdentifier>
    </Filter>
    <Filter Include="Thirdparty">
      <UniqueIdentifier>{d0a967a3-e709-4563-beec-8bb1bc9d1711}</UniqueIdentifier>
    </Filter>
    <Filter Include="Memory\Patching">
      <UniqueIdentifier>{a0e6c9f3-7e78-430a-abb7-39e38e87d266}</UniqueIdentifier>
    </Filter>
    <Filter Include="Thirdparty\curl">
      <UniqueIdentifier>{86991d65-e172-479c-8c09-1e4747551205}</UniqueIdentifier>
    </Filter>
    <Filter Include="API">
      <UniqueIdentifier>{05abafde-5223-4634-93cd-877f6570d6a7}</UniqueIdentifier>
    </Filter>
    <Filter Include="Thirdparty\fmt">
      <UniqueIdentifier>{ed736439-0f02-423b-8962-64053e0896cd}</UniqueIdentifier>
    </Filter>
  </ItemGroup>
  <ItemGroup>
    <Library Include="..\thirdparty\curl\libcurl.lib">
      <Filter>Thirdparty\curl</Filter>
    </Library>
  </ItemGroup>
</Project>