<?xml version="1.0" encoding="utf-8"?>
<Project ToolsVersion="4.0" xmlns="http://schemas.microsoft.com/developer/msbuild/2003">
  <ItemGroup>
    <ClCompile Include="NativeMemory.cpp" />
    <ClCompile Include="script.cpp" />
    <ClCompile Include="VehicleExtensions.cpp" />
    <ClCompile Include="main.cpp" />
  </ItemGroup>
  <ItemGroup>
    <ClInclude Include="NativeMemory.hpp" />
    <ClInclude Include="script.h" />
    <ClInclude Include="VehicleExtensions.hpp" />
    <ClInclude Include="..\..\ScriptHookV_SDK\inc\enums.h" />
    <ClInclude Include="..\..\ScriptHookV_SDK\inc\main.h" />
    <ClInclude Include="..\..\ScriptHookV_SDK\inc\natives.h" />
    <ClInclude Include="..\..\ScriptHookV_SDK\inc\types.h" />
  </ItemGroup>
  <ItemGroup>
    <Filter Include="include">
      <UniqueIdentifier>{01012e73-37b7-4874-b66a-9390e9a83264}</UniqueIdentifier>
    </Filter>
  </ItemGroup>
</Project>